{
  "_readme": [
    "This file locks the dependencies of your project to a known state",
    "Read more about it at https://getcomposer.org/doc/01-basic-usage.md#installing-dependencies",
    "This file is @generated automatically"
  ],
  "content-hash": "03b47b7576525da6cbb4b64a32d9eaf0",
  "packages": [],
  "packages-dev": [],
  "aliases": [],
  "minimum-stability": "stable",
  "stability-flags": [],
  "prefer-stable": false,
  "prefer-lowest": false,
  "platform": {
    "php": ">=7.4"
  },
  "platform-dev": [],
  "plugin-api-version": "1.1.0"
}
